
Microsoft Visual Studio Solution File, Format Version 12.00
# Visual Studio Version 17
VisualStudioVersion = 17.7.34221.43
MinimumVisualStudioVersion = 10.0.40219.1
Project("{F184B08F-C81C-45F6-A57F-5ABD9991F28F}") = "widewordimporters", "widewordimporters\widewordimporters.vbproj", "{5B462761-D79C-48BF-A3C9-227D300FE680}"
EndProject
Global
	GlobalSection(SolutionConfigurationPlatforms) = preSolution
		Debug|Any CPU = Debug|Any CPU
		Release|Any CPU = Release|Any CPU
	EndGlobalSection
	GlobalSection(ProjectConfigurationPlatforms) = postSolution
		{5B462761-D79C-48BF-A3C9-227D300FE680}.Debug|Any CPU.ActiveCfg = Debug|Any CPU
		{5B462761-D79C-48BF-A3C9-227D300FE680}.Debug|Any CPU.Build.0 = Debug|Any CPU
		{5B462761-D79C-48BF-A3C9-227D300FE680}.Release|Any CPU.ActiveCfg = Release|Any CPU
		{5B462761-D79C-48BF-A3C9-227D300FE680}.Release|Any CPU.Build.0 = Release|Any CPU
	EndGlobalSection
	GlobalSection(SolutionProperties) = preSolution
		HideSolutionNode = FALSE
	EndGlobalSection
	GlobalSection(ExtensibilityGlobals) = postSolution
		SolutionGuid = {BF89BF2F-FE1E-4068-8946-03AEA29B7070}
	EndGlobalSection
EndGlobal
